annotated-types==0.8.0
certifi==2026.7.22
charset-normalizer==3.5.2
idna==3.20
numpy==2.5.3
packaging==26.3
pandas==2.3.3
pydantic==2.14.0
pydantic-settings==2.15.0
pydantic_core==2.50.0
python-dateutil==2.9.0.post0
python-dotenv==1.2.4
pytz==2026.5
requests==2.34.2
six==1.17.0
typing-inspection==0.4.4
typing_extensions==4.16.0
tzdata==2026.5
urllib3==2.8.0
websockets==17.2
